# THIS IS AN AUTOGENERATED FILE. DO NOT EDIT THIS FILE DIRECTLY.
# yarn lockfile v1


"@fabien0102/git2json@^1.4.0":
  version "1.4.0"
  resolved "https://registry.yarnpkg.com/@fabien0102/git2json/-/git2json-1.4.0.tgz#5a8e9e901b28d344a7a09acf3f3b77f4d84b374a"
  integrity sha512-qxV229fHZoL+qS6BgCd7y2MrWR1RhPQNYLgtMl0ZIdzAV3ivlzbZG3hSxOFdf/H8/AMyAfsQypQPX7KS73eB9A==
